
Microsoft Visual Studio Solution File, Format Version 10.00
# Visual Studio 2008
Project("{FAE04EC0-301F-11D3-BF4B-00C04F79EFBC}") = "GhostscriptSharpTests", "GhostscriptSharpTests\GhostscriptSharpTests.csproj", "{2B5A3CF6-D6A9-49D5-B88E-419DA34F1C20}"
EndProject
Project("{FAE04EC0-301F-11D3-BF4B-00C04F79EFBC}") = "GhostscriptSharp", "..\GhostscriptSharp\GhostscriptSharp.csproj", "{56605627-E6FA-4F47-9440-FB877CEA5C84}"
EndProject
Global
	GlobalSection(SolutionConfigurationPlatforms) = preSolution
		Debug|Any CPU = Debug|Any CPU
		Release|Any CPU = Release|Any CPU
	EndGlobalSection
	GlobalSection(ProjectConfigurationPlatforms) = postSolution
		{2B5A3CF6-D6A9-49D5-B88E-419DA34F1C20}.Debug|Any CPU.ActiveCfg = Debug|Any CPU
		{2B5A3CF6-D6A9-49D5-B88E-419DA34F1C20}.Debug|Any CPU.Build.0 = Debug|Any CPU
		{2B5A3CF6-D6A9-49D5-B88E-419DA34F1C20}.Release|Any CPU.ActiveCfg = Release|Any CPU
		{2B5A3CF6-D6A9-49D5-B88E-419DA34F1C20}.Release|Any CPU.Build.0 = Release|Any CPU
		{56605627-E6FA-4F47-9440-FB877CEA5C84}.Debug|Any CPU.ActiveCfg = Debug|Any CPU
		{56605627-E6FA-4F47-9440-FB877CEA5C84}.Debug|Any CPU.Build.0 = Debug|Any CPU
		{56605627-E6FA-4F47-9440-FB877CEA5C84}.Release|Any CPU.ActiveCfg = Release|Any CPU
		{56605627-E6FA-4F47-9440-FB877CEA5C84}.Release|Any CPU.Build.0 = Release|Any CPU
	EndGlobalSection
	GlobalSection(SolutionProperties) = preSolution
		HideSolutionNode = FALSE
	EndGlobalSection
EndGlobal
